
Microsoft Visual Studio Solution File, Format Version 12.00
# Visual Studio Version 17
VisualStudioVersion = 17.8.34601.278
MinimumVisualStudioVersion = 10.0.40219.1
Project("{9A19103F-16F7-4668-BE54-9A1E7A4F7556}") = "PRG.Clients.RSP", "src\PRG.Clients.RSP\PRG.Clients.RSP.csproj", "{C8B815A8-1570-4C85-9227-12F8EF283124}"
EndProject
Global
	GlobalSection(SolutionConfigurationPlatforms) = preSolution
		Debug|Any CPU = Debug|Any CPU
		Release|Any CPU = Release|Any CPU
	EndGlobalSection
	GlobalSection(ProjectConfigurationPlatforms) = postSolution
		{C8B815A8-1570-4C85-9227-12F8EF283124}.Debug|Any CPU.ActiveCfg = Debug|Any CPU
		{C8B815A8-1570-4C85-9227-12F8EF283124}.Debug|Any CPU.Build.0 = Debug|Any CPU
		{C8B815A8-1570-4C85-9227-12F8EF283124}.Release|Any CPU.ActiveCfg = Release|Any CPU
		{C8B815A8-1570-4C85-9227-12F8EF283124}.Release|Any CPU.Build.0 = Release|Any CPU
	EndGlobalSection
	GlobalSection(SolutionProperties) = preSolution
		HideSolutionNode = FALSE
	EndGlobalSection
	GlobalSection(ExtensibilityGlobals) = postSolution
		SolutionGuid = {D99D4344-9611-4D24-A5EA-C71E64627B3B}
	EndGlobalSection
EndGlobal
